
Microsoft Visual Studio Solution File, Format Version 12.00
# Visual Studio Version 16
VisualStudioVersion = 16.0.29326.143
MinimumVisualStudioVersion = 10.0.40219.1
Project("{FAE04EC0-301F-11D3-BF4B-00C04F79EFBC}") = "FixedPoint", "FixedPoint\FixedPoint.csproj", "{331B444C-04B8-49B2-B9D2-3745897DEF98}"
EndProject
Project("{FAE04EC0-301F-11D3-BF4B-00C04F79EFBC}") = "Cuni.Arithmetics.FixedPoint", "Cuni.Arithmetics.FixedPoint\Cuni.Arithmetics.FixedPoint.csproj", "{C78F5764-0C45-4EC7-8457-6E73E0D87783}"
EndProject
Project("{FAE04EC0-301F-11D3-BF4B-00C04F79EFBC}") = "FixedPointTests", "FixedPointTests\FixedPointTests.csproj", "{F10B4CC8-3299-47DC-B8FF-9BD608AB3D1A}"
EndProject
Global
	GlobalSection(SolutionConfigurationPlatforms) = preSolution
		Debug|Any CPU = Debug|Any CPU
		Release|Any CPU = Release|Any CPU
	EndGlobalSection
	GlobalSection(ProjectConfigurationPlatforms) = postSolution
		{331B444C-04B8-49B2-B9D2-3745897DEF98}.Debug|Any CPU.ActiveCfg = Debug|Any CPU
		{331B444C-04B8-49B2-B9D2-3745897DEF98}.Debug|Any CPU.Build.0 = Debug|Any CPU
		{331B444C-04B8-49B2-B9D2-3745897DEF98}.Release|Any CPU.ActiveCfg = Release|Any CPU
		{331B444C-04B8-49B2-B9D2-3745897DEF98}.Release|Any CPU.Build.0 = Release|Any CPU
		{C78F5764-0C45-4EC7-8457-6E73E0D87783}.Debug|Any CPU.ActiveCfg = Debug|Any CPU
		{C78F5764-0C45-4EC7-8457-6E73E0D87783}.Debug|Any CPU.Build.0 = Debug|Any CPU
		{C78F5764-0C45-4EC7-8457-6E73E0D87783}.Release|Any CPU.ActiveCfg = Release|Any CPU
		{C78F5764-0C45-4EC7-8457-6E73E0D87783}.Release|Any CPU.Build.0 = Release|Any CPU
		{F10B4CC8-3299-47DC-B8FF-9BD608AB3D1A}.Debug|Any CPU.ActiveCfg = Debug|Any CPU
		{F10B4CC8-3299-47DC-B8FF-9BD608AB3D1A}.Debug|Any CPU.Build.0 = Debug|Any CPU
		{F10B4CC8-3299-47DC-B8FF-9BD608AB3D1A}.Release|Any CPU.ActiveCfg = Release|Any CPU
		{F10B4CC8-3299-47DC-B8FF-9BD608AB3D1A}.Release|Any CPU.Build.0 = Release|Any CPU
	EndGlobalSection
	GlobalSection(SolutionProperties) = preSolution
		HideSolutionNode = FALSE
	EndGlobalSection
	GlobalSection(ExtensibilityGlobals) = postSolution
		SolutionGuid = {9F8270FE-1CA7-4994-912E-280704E19144}
	EndGlobalSection
EndGlobal
